github.com/ElephantInTheRoom-Michael/HugoTheme-Base v0.0.0-20251101030719-fe6b44f20f7c h1:qwaYIVmrAuF9QAimBu5DZUrdKMVY7RptTe7O3XfEL2o=
github.com/ElephantInTheRoom-Michael/HugoTheme-Base v0.0.0-20251101030719-fe6b44f20f7c/go.mod h1:LakWupTKsXVCyfXfaAW9k++n5SPtgsywvhhC7vU0Q5E=
github.com/ElephantInTheRoom-Michael/HugoTheme-Base v0.0.0-20251101213716-c39a549645c8 h1:Eh8Hlstvm70E+e8ilt2vYuVO0XjmltgI7LS/HttWTDQ=
github.com/ElephantInTheRoom-Michael/HugoTheme-Base v0.0.0-20251101213716-c39a549645c8/go.mod h1:ppo9UER4Eswd5r02c1sEHssblREwgjZ17vmSyw/KX1Q=
github.com/ElephantInTheRoom-Michael/HugoTheme-Base v0.0.0-20251106224301-08bfb0b24685 h1:12WsFbr2gv2MUyNB5ojz41WgqfBPVv3VGzQV+zN9v+4=
github.com/ElephantInTheRoom-Michael/HugoTheme-Base v0.0.0-20251106224301-08bfb0b24685/go.mod h1:ppo9UER4Eswd5r02c1sEHssblREwgjZ17vmSyw/KX1Q=
github.com/ElephantInTheRoom-Michael/HugoTheme-Base v0.0.0-20251217035950-b619a8f96501 h1:NVyw29JawD6yS+d1WG8O+vdvUvR/0hOQzA5A453u95s=
github.com/ElephantInTheRoom-Michael/HugoTheme-Base v0.0.0-20251217035950-b619a8f96501/go.mod h1:ppo9UER4Eswd5r02c1sEHssblREwgjZ17vmSyw/KX1Q=
github.com/ElephantInTheRoom-Michael/HugoTheme-Printed v0.0.0-20251111225834-17bf679d5925 h1:B+I3/GE5OWzn3ozQb98bsNCvG/IBzM1LGAzGWsCriNY=
github.com/ElephantInTheRoom-Michael/HugoTheme-Printed v0.0.0-20251111225834-17bf679d5925/go.mod h1:jMQ5grKqNKGiqDdpmiCKZw0LTx11KN3QnOgSBQ5nU+c=
github.com/ElephantInTheRoom-Michael/HugoTheme-Printed v0.0.0-20260102070700-a7106f47f8d3 h1:y7M9ggqbyCs51t1ljKYJWb3vZ82JkuDP+mHEW8yFZZs=
github.com/ElephantInTheRoom-Michael/HugoTheme-Printed v0.0.0-20260102070700-a7106f47f8d3/go.mod h1:ABDl1tVu052vQdOgeUWPvG94CgsLb/7etd6QRojE17U=
github.com/ElephantInTheRoom-Michael/HugoTheme-Printed v0.0.0-20260109080549-ca539845dc3b h1:9k4zulL1N6fVvR/rk/L6KKH7nUuFQ1ybdXAfY4CQzQc=
github.com/ElephantInTheRoom-Michael/HugoTheme-Printed v0.0.0-20260109080549-ca539845dc3b/go.mod h1:Tkj9eoR+1xRO5BVlIrMJFpFmIvlkd5UFKdwinZ/bY5A=
