github.com/ElephantInTheRoom-Michael/HugoTheme-Base v0.0.0-20251101030719-fe6b44f20f7c h1:qwaYIVmrAuF9QAimBu5DZUrdKMVY7RptTe7O3XfEL2o=
github.com/ElephantInTheRoom-Michael/HugoTheme-Base v0.0.0-20251101030719-fe6b44f20f7c/go.mod h1:LakWupTKsXVCyfXfaAW9k++n5SPtgsywvhhC7vU0Q5E=
github.com/ElephantInTheRoom-Michael/HugoTheme-Base v0.0.0-20251101213716-c39a549645c8 h1:Eh8Hlstvm70E+e8ilt2vYuVO0XjmltgI7LS/HttWTDQ=
github.com/ElephantInTheRoom-Michael/HugoTheme-Base v0.0.0-20251101213716-c39a549645c8/go.mod h1:ppo9UER4Eswd5r02c1sEHssblREwgjZ17vmSyw/KX1Q=
github.com/ElephantInTheRoom-Michael/HugoTheme-Base v0.0.0-20251106224301-08bfb0b24685 h1:12WsFbr2gv2MUyNB5ojz41WgqfBPVv3VGzQV+zN9v+4=
github.com/ElephantInTheRoom-Michael/HugoTheme-Base v0.0.0-20251106224301-08bfb0b24685/go.mod h1:ppo9UER4Eswd5r02c1sEHssblREwgjZ17vmSyw/KX1Q=
